dependencies:
- name: helm-product
  repository: oci://ghcr.io/onecx/charts
  version: 0.2.0
- name: onecx-concessions-svc
  repository: oci://ghcr.io/onecx-apps/charts
  version: 0.0.0-rc.10
- name: onecx-concessions-bff
  repository: oci://ghcr.io/onecx-apps/charts
  version: 0.0.0-rc.7
- name: onecx-concessions-ui
  repository: oci://ghcr.io/onecx-apps/charts
  version: 0.0.0-rc.19
digest: sha256:cbd7412cddfbef0f8b6c8022207ef78df2810c65ebea283b4760b420688876ea
generated: "2024-06-10T14:14:21.461945913Z"
