dependencies:
- name: helm-product
  repository: oci://ghcr.io/onecx/charts
  version: 0.2.0
- name: onecx-concessions-svc
  repository: oci://ghcr.io/onecx-apps/charts
  version: 0.0.0-rc.12
- name: onecx-concessions-bff
  repository: oci://ghcr.io/onecx-apps/charts
  version: 0.0.0-rc.11
- name: onecx-concessions-ui
  repository: oci://ghcr.io/onecx-apps/charts
  version: 0.0.0-rc.19
digest: sha256:cda6f84fbfaaa93132943a2a14c5739bd22390f9c8bf5593aef01839ec3c8f84
generated: "2024-07-26T09:16:38.926452864Z"
