dependencies:
- name: helm-product
  repository: oci://ghcr.io/onecx/charts
  version: 0.2.0
- name: onecx-concessions-svc
  repository: oci://ghcr.io/onecx-apps/charts
  version: 0.0.0-rc.11
- name: onecx-concessions-bff
  repository: oci://ghcr.io/onecx-apps/charts
  version: 0.0.0-rc.10
- name: onecx-concessions-ui
  repository: oci://ghcr.io/onecx-apps/charts
  version: 0.0.0-rc.19
digest: sha256:50f5a422b60da1ea7020307fd2527339eb95c343afc745f4983a12c513f8c7bd
generated: "2024-07-25T10:17:04.539381139Z"
